{
  "version": 4,
  "terraform_version": "1.14.3",
  "serial": 281,
  "lineage": "60d00496-e8f5-6b93-2ef0-54d454429247",
  "outputs": {
    "address": {
      "value": "158.160.120.42",
      "type": "string"
    },
    "name": {
      "value": "my-server",
      "type": "string"
    }
  },
  "resources": [
    {
      "mode": "data",
      "type": "yandex_compute_image",
      "name": "default",
      "provider": "provider[\"registry.terraform.io/yandex-cloud/yandex\"]",
      "instances": [
        {
          "schema_version": 0,
          "attributes": {
            "created_at": "2026-01-05T11:23:46Z",
            "description": "Ubuntu 22.04 lts v20251226030904",
            "family": "ubuntu-2204-lts",
            "folder_id": "standard-images",
            "id": "fd8dv7cnjmuiq8skh4g5",
            "image_id": "fd8dv7cnjmuiq8skh4g5",
            "labels": {
              "version": "20251226030904",
              "x-hopper-operation-id": "d9prs5k6eo72phuos6ba",
              "x-hopper-source-image-id": "fd8kht8sl3dpchn6r0ru"
            },
            "min_disk_size": 8,
            "name": "ubuntu-22-04-lts-v20260105",
            "os_type": "linux",
            "pooled": true,
            "product_ids": [
              "f2efcnfugjk5icnvvoan"
            ],
            "size": 3,
            "status": "ready"
          },
          "sensitive_attributes": [],
          "identity_schema_version": 0
        }
      ]
    },
    {
      "mode": "managed",
      "type": "yandex_compute_instance",
      "name": "default",
      "provider": "provider[\"registry.terraform.io/yandex-cloud/yandex\"]",
      "instances": [
        {
          "schema_version": 1,
          "attributes": {
            "allow_recreate": null,
            "allow_stopping_for_update": null,
            "boot_disk": [
              {
                "auto_delete": true,
                "device_name": "fhm9knh3ulens6hcdrag",
                "disk_id": "fhm9knh3ulens6hcdrag",
                "initialize_params": [
                  {
                    "block_size": 4096,
                    "description": "",
                    "image_id": "fd8dv7cnjmuiq8skh4g5",
                    "name": "",
                    "size": 20,
                    "snapshot_id": "",
                    "type": "network-ssd"
                  }
                ],
                "mode": "READ_WRITE"
              }
            ],
            "created_at": "2026-01-09T09:07:53Z",
            "description": "",
            "filesystem": [],
            "folder_id": "b1g2335dd1hetd28qabl",
            "fqdn": "my-server.ru-central1.internal",
            "gpu_cluster_id": "",
            "hostname": "my-server",
            "id": "fhmer7lrn5bit9fgfa7h",
            "labels": null,
            "local_disk": [],
            "metadata": {
              "user-data": "#cloud-config\r\nusers:\r\n  - name: march\r\n    passwd: march\r\n    sudo: ALL=(ALL) NOPASSWD:ALL\r\n    shell: /bin/bash\r\n    ssh_authorized_keys:\r\n      - ssh-rsa AAAAB3NzaC1yc2EAAAADAQABAAABAQCdzAGv7UF7JZopymGAdRIyShfeqxiNdtRQuImuGY4G/JX8o/GO51R79uthdQDeOZLG6+85owvLhKA3HHLAqzPAuY+ReUGiNV0212+vXQ+5li0vULnKlwVXDfKV72datlWsKbSusJkG22KzLYvyb9dM52xQbolUMF05v7bpkJ2cXngeX9SMyIVKr3nvTUsGI933HywxRlJ0Cu96JIKSJHGV7EmUC4e+CLmLlSczBx0T4tCwHastkQkqyjdom6+BKTNTXy+/KA5k1UoMl86RjlPYYzCsCqVaiY9a0zYHUHM7PWwMzwUqS5Sv+KkAYC2jJQXPga9cB85fd/8t/1waYYD5\r\n            \r\nruncmd:\r\n  - apt-get update\r\n  - apt-get install -y docker.io docker-compose\r\n  - systemctl enable docker\r\n  - systemctl start docker\r\n  - rm -rf /app\r\n  - git clone -b docker https://github.com/maks-march/CloudProject /app\r\n  - cd /app \u0026\u0026 docker-compose up -d\r\n"
            },
            "metadata_options": [
              {
                "aws_v1_http_endpoint": 1,
                "aws_v1_http_token": 2,
                "gce_http_endpoint": 1,
                "gce_http_token": 1
              }
            ],
            "name": "my-server",
            "network_acceleration_type": "standard",
            "network_interface": [
              {
                "dns_record": [],
                "index": 0,
                "ip_address": "192.168.10.12",
                "ipv4": true,
                "ipv6": false,
                "ipv6_address": "",
                "ipv6_dns_record": [],
                "mac_address": "d0:0d:ed:9e:bb:b9",
                "nat": true,
                "nat_dns_record": [],
                "nat_ip_address": "158.160.120.42",
                "nat_ip_version": "IPV4",
                "security_group_ids": [
                  "enpvgofcb51qq4663c4q"
                ],
                "subnet_id": "e9bm01foai2kv5mlfo4j"
              }
            ],
            "placement_policy": [
              {
                "host_affinity_rules": [],
                "placement_group_id": ""
              }
            ],
            "platform_id": "standard-v1",
            "resources": [
              {
                "core_fraction": 100,
                "cores": 2,
                "gpus": 0,
                "memory": 4
              }
            ],
            "scheduling_policy": [
              {
                "preemptible": false
              }
            ],
            "secondary_disk": [],
            "service_account_id": "",
            "status": "running",
            "timeouts": {
              "create": "10m",
              "delete": "10m",
              "update": null
            },
            "zone": "ru-central1-a"
          },
          "sensitive_attributes": [],
          "identity_schema_version": 0,
          "private": "eyJlMmJmYjczMC1lY2FhLTExZTYtOGY4OC0zNDM2M2JjN2M0YzAiOnsiY3JlYXRlIjo2MDAwMDAwMDAwMDAsImRlbGV0ZSI6NjAwMDAwMDAwMDAwLCJ1cGRhdGUiOjMwMDAwMDAwMDAwMH0sInNjaGVtYV92ZXJzaW9uIjoiMSJ9",
          "dependencies": [
            "data.yandex_compute_image.default",
            "yandex_vpc_network.default",
            "yandex_vpc_security_group.vm-sg",
            "yandex_vpc_subnet.default"
          ]
        }
      ]
    },
    {
      "mode": "managed",
      "type": "yandex_vpc_network",
      "name": "default",
      "provider": "provider[\"registry.terraform.io/yandex-cloud/yandex\"]",
      "instances": [
        {
          "schema_version": 0,
          "attributes": {
            "created_at": "2026-01-09T09:07:49Z",
            "default_security_group_id": "enpu0qdpemrfong732i2",
            "description": "",
            "folder_id": "b1g2335dd1hetd28qabl",
            "id": "enpvikc6oq48e52bkou2",
            "labels": {},
            "name": "ya-network",
            "subnet_ids": [],
            "timeouts": null
          },
          "sensitive_attributes": [],
          "identity_schema_version": 0,
          "private": "eyJlMmJmYjczMC1lY2FhLTExZTYtOGY4OC0zNDM2M2JjN2M0YzAiOnsiY3JlYXRlIjo2MDAwMDAwMDAwMCwiZGVsZXRlIjo2MDAwMDAwMDAwMCwidXBkYXRlIjo2MDAwMDAwMDAwMH19"
        }
      ]
    },
    {
      "mode": "managed",
      "type": "yandex_vpc_security_group",
      "name": "vm-sg",
      "provider": "provider[\"registry.terraform.io/yandex-cloud/yandex\"]",
      "instances": [
        {
          "schema_version": 0,
          "attributes": {
            "created_at": "2026-01-09T09:07:52Z",
            "description": "",
            "egress": [
              {
                "description": "",
                "from_port": -1,
                "id": "enpq3tr1b2g9rm7r8u7i",
                "labels": {},
                "port": -1,
                "predefined_target": "",
                "protocol": "ANY",
                "security_group_id": "",
                "to_port": -1,
                "v4_cidr_blocks": [
                  "0.0.0.0/0"
                ],
                "v6_cidr_blocks": []
              }
            ],
            "folder_id": "b1g2335dd1hetd28qabl",
            "id": "enpvgofcb51qq4663c4q",
            "ingress": [
              {
                "description": "",
                "from_port": -1,
                "id": "enp9g35ko0184j3qcs5g",
                "labels": {},
                "port": 80,
                "predefined_target": "",
                "protocol": "TCP",
                "security_group_id": "",
                "to_port": -1,
                "v4_cidr_blocks": [
                  "0.0.0.0/0"
                ],
                "v6_cidr_blocks": []
              },
              {
                "description": "",
                "from_port": -1,
                "id": "enpc22n1uiniqfk4vbp1",
                "labels": {},
                "port": 22,
                "predefined_target": "",
                "protocol": "TCP",
                "security_group_id": "",
                "to_port": -1,
                "v4_cidr_blocks": [
                  "0.0.0.0/0"
                ],
                "v6_cidr_blocks": []
              },
              {
                "description": "",
                "from_port": -1,
                "id": "enph733ar8ej8vrdhn05",
                "labels": {},
                "port": 443,
                "predefined_target": "",
                "protocol": "TCP",
                "security_group_id": "",
                "to_port": -1,
                "v4_cidr_blocks": [
                  "0.0.0.0/0"
                ],
                "v6_cidr_blocks": []
              }
            ],
            "labels": {},
            "name": "vm-security-group",
            "network_id": "enpvikc6oq48e52bkou2",
            "status": "ACTIVE",
            "timeouts": null
          },
          "sensitive_attributes": [],
          "identity_schema_version": 0,
          "private": "eyJlMmJmYjczMC1lY2FhLTExZTYtOGY4OC0zNDM2M2JjN2M0YzAiOnsiY3JlYXRlIjoxODAwMDAwMDAwMDAsImRlbGV0ZSI6MTgwMDAwMDAwMDAwLCJ1cGRhdGUiOjE4MDAwMDAwMDAwMH19",
          "dependencies": [
            "yandex_vpc_network.default"
          ]
        }
      ]
    },
    {
      "mode": "managed",
      "type": "yandex_vpc_subnet",
      "name": "default",
      "provider": "provider[\"registry.terraform.io/yandex-cloud/yandex\"]",
      "instances": [
        {
          "schema_version": 0,
          "attributes": {
            "created_at": "2026-01-09T09:07:51Z",
            "description": "",
            "dhcp_options": [],
            "folder_id": "b1g2335dd1hetd28qabl",
            "id": "e9bm01foai2kv5mlfo4j",
            "labels": {},
            "name": "ya-network",
            "network_id": "enpvikc6oq48e52bkou2",
            "route_table_id": "",
            "timeouts": null,
            "v4_cidr_blocks": [
              "192.168.10.0/24"
            ],
            "v6_cidr_blocks": [],
            "zone": "ru-central1-a"
          },
          "sensitive_attributes": [],
          "identity_schema_version": 0,
          "private": "eyJlMmJmYjczMC1lY2FhLTExZTYtOGY4OC0zNDM2M2JjN2M0YzAiOnsiY3JlYXRlIjoxODAwMDAwMDAwMDAsImRlbGV0ZSI6MTgwMDAwMDAwMDAwLCJ1cGRhdGUiOjE4MDAwMDAwMDAwMH19",
          "dependencies": [
            "yandex_vpc_network.default"
          ]
        }
      ]
    }
  ],
  "check_results": null
}
